{
  "name": "@tamfrost/test",
  "version": "1.0.4",
  "lockfileVersion": 3,
  "requires": true,
  "packages": {
    "": {
      "name": "@tamfrost/test",
      "version": "1.0.4",
      "license": "ISC",
      "bin": {
        "test": "bin/run.js",
        "ttest-run": "bin/run.js"
      }
    }
  }
}
